// !$*UTF8*$!
{
	archiveVersion = 1;
	classes = {
	};
	objectVersion = 56;
	objects = {

/* Begin PBXBuildFile section */
		B00000000000000000000001 /* SnakeAcademyApp.swift in Sources */ = {isa = PBXBuildFile; fileRef = F00000000000000000000001 /* SnakeAcademyApp.swift */; };
		B00000000000000000000002 /* GridPoint.swift in Sources */ = {isa = PBXBuildFile; fileRef = F00000000000000000000002 /* GridPoint.swift */; };
		B00000000000000000000003 /* Direction.swift in Sources */ = {isa = PBXBuildFile; fileRef = F00000000000000000000003 /* Direction.swift */; };
		B00000000000000000000004 /* GameMode.swift in Sources */ = {isa = PBXBuildFile; fileRef = F00000000000000000000004 /* GameMode.swift */; };
		B00000000000000000000005 /* Difficulty.swift in Sources */ = {isa = PBXBuildFile; fileRef = F00000000000000000000005 /* Difficulty.swift */; };
		B00000000000000000000006 /* GameStatus.swift in Sources */ = {isa = PBXBuildFile; fileRef = F00000000000000000000006 /* GameStatus.swift */; };
		B00000000000000000000007 /* SnakeSegment.swift in Sources */ = {isa = PBXBuildFile; fileRef = F00000000000000000000007 /* SnakeSegment.swift */; };
		B00000000000000000000008 /* Collectible.swift in Sources */ = {isa = PBXBuildFile; fileRef = F00000000000000000000008 /* Collectible.swift */; };
		B00000000000000000000009 /* MathOperationMode.swift in Sources */ = {isa = PBXBuildFile; fileRef = F00000000000000000000009 /* MathOperationMode.swift */; };
		B0000000000000000000000A /* MathProblem.swift in Sources */ = {isa = PBXBuildFile; fileRef = F0000000000000000000000A /* MathProblem.swift */; };
		B0000000000000000000000B /* HUDState.swift in Sources */ = {isa = PBXBuildFile; fileRef = F0000000000000000000000B /* HUDState.swift */; };
		B0000000000000000000000C /* GameConfiguration.swift in Sources */ = {isa = PBXBuildFile; fileRef = F0000000000000000000000C /* GameConfiguration.swift */; };
		B0000000000000000000000D /* GameSnapshot.swift in Sources */ = {isa = PBXBuildFile; fileRef = F0000000000000000000000D /* GameSnapshot.swift */; };
		B0000000000000000000000E /* SnakeGameEngine.swift in Sources */ = {isa = PBXBuildFile; fileRef = F0000000000000000000000E /* SnakeGameEngine.swift */; };
		B0000000000000000000000F /* GameRules.swift in Sources */ = {isa = PBXBuildFile; fileRef = F0000000000000000000000F /* GameRules.swift */; };
		B00000000000000000000010 /* ClassicSnakeRules.swift in Sources */ = {isa = PBXBuildFile; fileRef = F00000000000000000000010 /* ClassicSnakeRules.swift */; };
		B00000000000000000000011 /* WordSnakeRules.swift in Sources */ = {isa = PBXBuildFile; fileRef = F00000000000000000000011 /* WordSnakeRules.swift */; };
		B00000000000000000000012 /* MathSnakeRules.swift in Sources */ = {isa = PBXBuildFile; fileRef = F00000000000000000000012 /* MathSnakeRules.swift */; };
		B00000000000000000000013 /* WordValidator.swift in Sources */ = {isa = PBXBuildFile; fileRef = F00000000000000000000013 /* WordValidator.swift */; };
		B00000000000000000000014 /* MathProblemGenerator.swift in Sources */ = {isa = PBXBuildFile; fileRef = F00000000000000000000014 /* MathProblemGenerator.swift */; };
		B00000000000000000000015 /* PersistenceService.swift in Sources */ = {isa = PBXBuildFile; fileRef = F00000000000000000000015 /* PersistenceService.swift */; };
		B00000000000000000000016 /* HapticsService.swift in Sources */ = {isa = PBXBuildFile; fileRef = F00000000000000000000016 /* HapticsService.swift */; };
		B00000000000000000000017 /* SnakeGameScene.swift in Sources */ = {isa = PBXBuildFile; fileRef = F00000000000000000000017 /* SnakeGameScene.swift */; };
		B00000000000000000000018 /* SnakeSceneCoordinator.swift in Sources */ = {isa = PBXBuildFile; fileRef = F00000000000000000000018 /* SnakeSceneCoordinator.swift */; };
		B00000000000000000000019 /* MainMenuView.swift in Sources */ = {isa = PBXBuildFile; fileRef = F00000000000000000000019 /* MainMenuView.swift */; };
		B0000000000000000000001A /* GameContainerView.swift in Sources */ = {isa = PBXBuildFile; fileRef = F0000000000000000000001A /* GameContainerView.swift */; };
		B0000000000000000000001B /* GameHUDView.swift in Sources */ = {isa = PBXBuildFile; fileRef = F0000000000000000000001B /* GameHUDView.swift */; };
		B0000000000000000000001C /* MathModeSelectionView.swift in Sources */ = {isa = PBXBuildFile; fileRef = F0000000000000000000001C /* MathModeSelectionView.swift */; };
		B0000000000000000000001D /* HighScoresView.swift in Sources */ = {isa = PBXBuildFile; fileRef = F0000000000000000000001D /* HighScoresView.swift */; };
		B0000000000000000000001E /* SettingsView.swift in Sources */ = {isa = PBXBuildFile; fileRef = F0000000000000000000001E /* SettingsView.swift */; };
		B0000000000000000000001F /* GameOverOverlay.swift in Sources */ = {isa = PBXBuildFile; fileRef = F0000000000000000000001F /* GameOverOverlay.swift */; };
		B00000000000000000000020 /* PauseOverlay.swift in Sources */ = {isa = PBXBuildFile; fileRef = F00000000000000000000020 /* PauseOverlay.swift */; };
		B00000000000000000000021 /* Assets.xcassets in Resources */ = {isa = PBXBuildFile; fileRef = F00000000000000000000021 /* Assets.xcassets */; };
		B00000000000000000000022 /* README.txt in Resources */ = {isa = PBXBuildFile; fileRef = F00000000000000000000022 /* README.txt */; };
		B00000000000000000000023 /* SnakeAcademyTests.swift in Sources */ = {isa = PBXBuildFile; fileRef = F00000000000000000000023 /* SnakeAcademyTests.swift */; };
/* End PBXBuildFile section */

/* Begin PBXContainerItemProxy section */
		C00000000000000000000001 /* PBXContainerItemProxy */ = {
			isa = PBXContainerItemProxy;
			containerPortal = P00000000000000000000001 /* Project object */;
			proxyType = 1;
			remoteGlobalIDString = A00000000000000000000001;
			remoteInfo = SnakeAcademy;
		};
/* End PBXContainerItemProxy section */

/* Begin PBXFileReference section */
		F00000000000000000000001 /* SnakeAcademyApp.swift */ = {isa = PBXFileReference; lastKnownFileType = sourcecode.swift; path = SnakeAcademyApp.swift; sourceTree = "<group>"; };
		F00000000000000000000002 /* GridPoint.swift */ = {isa = PBXFileReference; lastKnownFileType = sourcecode.swift; path = GridPoint.swift; sourceTree = "<group>"; };
		F00000000000000000000003 /* Direction.swift */ = {isa = PBXFileReference; lastKnownFileType = sourcecode.swift; path = Direction.swift; sourceTree = "<group>"; };
		F00000000000000000000004 /* GameMode.swift */ = {isa = PBXFileReference; lastKnownFileType = sourcecode.swift; path = GameMode.swift; sourceTree = "<group>"; };
		F00000000000000000000005 /* Difficulty.swift */ = {isa = PBXFileReference; lastKnownFileType = sourcecode.swift; path = Difficulty.swift; sourceTree = "<group>"; };
		F00000000000000000000006 /* GameStatus.swift */ = {isa = PBXFileReference; lastKnownFileType = sourcecode.swift; path = GameStatus.swift; sourceTree = "<group>"; };
		F00000000000000000000007 /* SnakeSegment.swift */ = {isa = PBXFileReference; lastKnownFileType = sourcecode.swift; path = SnakeSegment.swift; sourceTree = "<group>"; };
		F00000000000000000000008 /* Collectible.swift */ = {isa = PBXFileReference; lastKnownFileType = sourcecode.swift; path = Collectible.swift; sourceTree = "<group>"; };
		F00000000000000000000009 /* MathOperationMode.swift */ = {isa = PBXFileReference; lastKnownFileType = sourcecode.swift; path = MathOperationMode.swift; sourceTree = "<group>"; };
		F0000000000000000000000A /* MathProblem.swift */ = {isa = PBXFileReference; lastKnownFileType = sourcecode.swift; path = MathProblem.swift; sourceTree = "<group>"; };
		F0000000000000000000000B /* HUDState.swift */ = {isa = PBXFileReference; lastKnownFileType = sourcecode.swift; path = HUDState.swift; sourceTree = "<group>"; };
		F0000000000000000000000C /* GameConfiguration.swift */ = {isa = PBXFileReference; lastKnownFileType = sourcecode.swift; path = GameConfiguration.swift; sourceTree = "<group>"; };
		F0000000000000000000000D /* GameSnapshot.swift */ = {isa = PBXFileReference; lastKnownFileType = sourcecode.swift; path = GameSnapshot.swift; sourceTree = "<group>"; };
		F0000000000000000000000E /* SnakeGameEngine.swift */ = {isa = PBXFileReference; lastKnownFileType = sourcecode.swift; path = SnakeGameEngine.swift; sourceTree = "<group>"; };
		F0000000000000000000000F /* GameRules.swift */ = {isa = PBXFileReference; lastKnownFileType = sourcecode.swift; path = GameRules.swift; sourceTree = "<group>"; };
		F00000000000000000000010 /* ClassicSnakeRules.swift */ = {isa = PBXFileReference; lastKnownFileType = sourcecode.swift; path = ClassicSnakeRules.swift; sourceTree = "<group>"; };
		F00000000000000000000011 /* WordSnakeRules.swift */ = {isa = PBXFileReference; lastKnownFileType = sourcecode.swift; path = WordSnakeRules.swift; sourceTree = "<group>"; };
		F00000000000000000000012 /* MathSnakeRules.swift */ = {isa = PBXFileReference; lastKnownFileType = sourcecode.swift; path = MathSnakeRules.swift; sourceTree = "<group>"; };
		F00000000000000000000013 /* WordValidator.swift */ = {isa = PBXFileReference; lastKnownFileType = sourcecode.swift; path = WordValidator.swift; sourceTree = "<group>"; };
		F00000000000000000000014 /* MathProblemGenerator.swift */ = {isa = PBXFileReference; lastKnownFileType = sourcecode.swift; path = MathProblemGenerator.swift; sourceTree = "<group>"; };
		F00000000000000000000015 /* PersistenceService.swift */ = {isa = PBXFileReference; lastKnownFileType = sourcecode.swift; path = PersistenceService.swift; sourceTree = "<group>"; };
		F00000000000000000000016 /* HapticsService.swift */ = {isa = PBXFileReference; lastKnownFileType = sourcecode.swift; path = HapticsService.swift; sourceTree = "<group>"; };
		F00000000000000000000017 /* SnakeGameScene.swift */ = {isa = PBXFileReference; lastKnownFileType = sourcecode.swift; path = SnakeGameScene.swift; sourceTree = "<group>"; };
		F00000000000000000000018 /* SnakeSceneCoordinator.swift */ = {isa = PBXFileReference; lastKnownFileType = sourcecode.swift; path = SnakeSceneCoordinator.swift; sourceTree = "<group>"; };
		F00000000000000000000019 /* MainMenuView.swift */ = {isa = PBXFileReference; lastKnownFileType = sourcecode.swift; path = MainMenuView.swift; sourceTree = "<group>"; };
		F0000000000000000000001A /* GameContainerView.swift */ = {isa = PBXFileReference; lastKnownFileType = sourcecode.swift; path = GameContainerView.swift; sourceTree = "<group>"; };
		F0000000000000000000001B /* GameHUDView.swift */ = {isa = PBXFileReference; lastKnownFileType = sourcecode.swift; path = GameHUDView.swift; sourceTree = "<group>"; };
		F0000000000000000000001C /* MathModeSelectionView.swift */ = {isa = PBXFileReference; lastKnownFileType = sourcecode.swift; path = MathModeSelectionView.swift; sourceTree = "<group>"; };
		F0000000000000000000001D /* HighScoresView.swift */ = {isa = PBXFileReference; lastKnownFileType = sourcecode.swift; path = HighScoresView.swift; sourceTree = "<group>"; };
		F0000000000000000000001E /* SettingsView.swift */ = {isa = PBXFileReference; lastKnownFileType = sourcecode.swift; path = SettingsView.swift; sourceTree = "<group>"; };
		F0000000000000000000001F /* GameOverOverlay.swift */ = {isa = PBXFileReference; lastKnownFileType = sourcecode.swift; path = GameOverOverlay.swift; sourceTree = "<group>"; };
		F00000000000000000000020 /* PauseOverlay.swift */ = {isa = PBXFileReference; lastKnownFileType = sourcecode.swift; path = PauseOverlay.swift; sourceTree = "<group>"; };
		F00000000000000000000021 /* Assets.xcassets */ = {isa = PBXFileReference; lastKnownFileType = folder.assetcatalog; path = Assets.xcassets; sourceTree = "<group>"; };
		F00000000000000000000022 /* README.txt */ = {isa = PBXFileReference; lastKnownFileType = text; path = README.txt; sourceTree = "<group>"; };
		F00000000000000000000023 /* SnakeAcademyTests.swift */ = {isa = PBXFileReference; lastKnownFileType = sourcecode.swift; path = SnakeAcademyTests.swift; sourceTree = "<group>"; };
		F00000000000000000000024 /* SnakeAcademy.app */ = {isa = PBXFileReference; explicitFileType = wrapper.application; includeInIndex = 0; path = SnakeAcademy.app; sourceTree = BUILT_PRODUCTS_DIR; };
		F00000000000000000000025 /* SnakeAcademyTests.xctest */ = {isa = PBXFileReference; explicitFileType = wrapper.cfbundle; includeInIndex = 0; path = SnakeAcademyTests.xctest; sourceTree = BUILT_PRODUCTS_DIR; };
/* End PBXFileReference section */

/* Begin PBXFrameworksBuildPhase section */
		FR0000000000000000000001 /* Frameworks */ = {
			isa = PBXFrameworksBuildPhase;
			buildActionMask = 2147483647;
			files = (
			);
			runOnlyForDeploymentPostprocessing = 0;
		};
		FR0000000000000000000002 /* Frameworks */ = {
			isa = PBXFrameworksBuildPhase;
			buildActionMask = 2147483647;
			files = (
			);
			runOnlyForDeploymentPostprocessing = 0;
		};
/* End PBXFrameworksBuildPhase section */

/* Begin PBXGroup section */
		G00000000000000000000001 = {
			isa = PBXGroup;
			children = (
				G00000000000000000000002 /* SnakeAcademy */,
				G0000000000000000000000A /* SnakeAcademyTests */,
				G0000000000000000000000B /* Products */,
			);
			sourceTree = "<group>";
		};
		G00000000000000000000002 /* SnakeAcademy */ = {
			isa = PBXGroup;
			children = (
				F00000000000000000000001 /* SnakeAcademyApp.swift */,
				G00000000000000000000003 /* Models */,
				G00000000000000000000004 /* Engine */,
				G00000000000000000000005 /* Rules */,
				G00000000000000000000006 /* Services */,
				G00000000000000000000007 /* SpriteKit */,
				G00000000000000000000008 /* Views */,
				G00000000000000000000009 /* Resources */,
				F00000000000000000000021 /* Assets.xcassets */,
			);
			path = SnakeAcademy;
			sourceTree = "<group>";
		};
		G00000000000000000000003 /* Models */ = {
			isa = PBXGroup;
			children = (
				F00000000000000000000002 /* GridPoint.swift */,
				F00000000000000000000003 /* Direction.swift */,
				F00000000000000000000004 /* GameMode.swift */,
				F00000000000000000000005 /* Difficulty.swift */,
				F00000000000000000000006 /* GameStatus.swift */,
				F00000000000000000000007 /* SnakeSegment.swift */,
				F00000000000000000000008 /* Collectible.swift */,
				F00000000000000000000009 /* MathOperationMode.swift */,
				F0000000000000000000000A /* MathProblem.swift */,
				F0000000000000000000000B /* HUDState.swift */,
			);
			path = Models;
			sourceTree = "<group>";
		};
		G00000000000000000000004 /* Engine */ = {
			isa = PBXGroup;
			children = (
				F0000000000000000000000C /* GameConfiguration.swift */,
				F0000000000000000000000D /* GameSnapshot.swift */,
				F0000000000000000000000E /* SnakeGameEngine.swift */,
			);
			path = Engine;
			sourceTree = "<group>";
		};
		G00000000000000000000005 /* Rules */ = {
			isa = PBXGroup;
			children = (
				F0000000000000000000000F /* GameRules.swift */,
				F00000000000000000000010 /* ClassicSnakeRules.swift */,
				F00000000000000000000011 /* WordSnakeRules.swift */,
				F00000000000000000000012 /* MathSnakeRules.swift */,
			);
			path = Rules;
			sourceTree = "<group>";
		};
		G00000000000000000000006 /* Services */ = {
			isa = PBXGroup;
			children = (
				F00000000000000000000013 /* WordValidator.swift */,
				F00000000000000000000014 /* MathProblemGenerator.swift */,
				F00000000000000000000015 /* PersistenceService.swift */,
				F00000000000000000000016 /* HapticsService.swift */,
			);
			path = Services;
			sourceTree = "<group>";
		};
		G00000000000000000000007 /* SpriteKit */ = {
			isa = PBXGroup;
			children = (
				F00000000000000000000017 /* SnakeGameScene.swift */,
				F00000000000000000000018 /* SnakeSceneCoordinator.swift */,
			);
			path = SpriteKit;
			sourceTree = "<group>";
		};
		G00000000000000000000008 /* Views */ = {
			isa = PBXGroup;
			children = (
				F00000000000000000000019 /* MainMenuView.swift */,
				F0000000000000000000001A /* GameContainerView.swift */,
				F0000000000000000000001B /* GameHUDView.swift */,
				F0000000000000000000001C /* MathModeSelectionView.swift */,
				F0000000000000000000001D /* HighScoresView.swift */,
				F0000000000000000000001E /* SettingsView.swift */,
				F0000000000000000000001F /* GameOverOverlay.swift */,
				F00000000000000000000020 /* PauseOverlay.swift */,
			);
			path = Views;
			sourceTree = "<group>";
		};
		G00000000000000000000009 /* Resources */ = {
			isa = PBXGroup;
			children = (
				F00000000000000000000022 /* README.txt */,
			);
			path = Resources;
			sourceTree = "<group>";
		};
		G0000000000000000000000A /* SnakeAcademyTests */ = {
			isa = PBXGroup;
			children = (
				F00000000000000000000023 /* SnakeAcademyTests.swift */,
			);
			path = SnakeAcademyTests;
			sourceTree = "<group>";
		};
		G0000000000000000000000B /* Products */ = {
			isa = PBXGroup;
			children = (
				F00000000000000000000024 /* SnakeAcademy.app */,
				F00000000000000000000025 /* SnakeAcademyTests.xctest */,
			);
			name = Products;
			sourceTree = "<group>";
		};
/* End PBXGroup section */

/* Begin PBXNativeTarget section */
		A00000000000000000000001 /* SnakeAcademy */ = {
			isa = PBXNativeTarget;
			buildConfigurationList = XCL000000000000000000001 /* Build configuration list for PBXNativeTarget "SnakeAcademy" */;
			buildPhases = (
				S00000000000000000000001 /* Sources */,
				FR0000000000000000000001 /* Frameworks */,
				R00000000000000000000001 /* Resources */,
			);
			buildRules = (
			);
			dependencies = (
			);
			name = SnakeAcademy;
			productName = SnakeAcademy;
			productReference = F00000000000000000000024 /* SnakeAcademy.app */;
			productType = "com.apple.product-type.application";
		};
		A00000000000000000000002 /* SnakeAcademyTests */ = {
			isa = PBXNativeTarget;
			buildConfigurationList = XCL000000000000000000002 /* Build configuration list for PBXNativeTarget "SnakeAcademyTests" */;
			buildPhases = (
				S00000000000000000000002 /* Sources */,
				FR0000000000000000000002 /* Frameworks */,
				R00000000000000000000002 /* Resources */,
			);
			buildRules = (
			);
			dependencies = (
				D00000000000000000000001 /* PBXTargetDependency */,
			);
			name = SnakeAcademyTests;
			productName = SnakeAcademyTests;
			productReference = F00000000000000000000025 /* SnakeAcademyTests.xctest */;
			productType = "com.apple.product-type.bundle.unit-test";
		};
/* End PBXNativeTarget section */

/* Begin PBXProject section */
		P00000000000000000000001 /* Project object */ = {
			isa = PBXProject;
			attributes = {
				BuildIndependentTargetsInParallel = 1;
				LastSwiftUpdateCheck = 1600;
				LastUpgradeCheck = 1600;
				TargetAttributes = {
					A00000000000000000000001 = {
						CreatedOnToolsVersion = 16.0;
					};
					A00000000000000000000002 = {
						CreatedOnToolsVersion = 16.0;
						TestTargetID = A00000000000000000000001;
					};
				};
			};
			buildConfigurationList = XCL000000000000000000003 /* Build configuration list for PBXProject "SnakeAcademy" */;
			compatibilityVersion = "Xcode 14.0";
			developmentRegion = en;
			hasScannedForEncodings = 0;
			knownRegions = (
				en,
				Base,
			);
			mainGroup = G00000000000000000000001;
			productRefGroup = G0000000000000000000000B /* Products */;
			projectDirPath = "";
			projectRoot = "";
			targets = (
				A00000000000000000000001 /* SnakeAcademy */,
				A00000000000000000000002 /* SnakeAcademyTests */,
			);
		};
/* End PBXProject section */

/* Begin PBXResourcesBuildPhase section */
		R00000000000000000000001 /* Resources */ = {
			isa = PBXResourcesBuildPhase;
			buildActionMask = 2147483647;
			files = (
				B00000000000000000000021 /* Assets.xcassets in Resources */,
				B00000000000000000000022 /* README.txt in Resources */,
			);
			runOnlyForDeploymentPostprocessing = 0;
		};
		R00000000000000000000002 /* Resources */ = {
			isa = PBXResourcesBuildPhase;
			buildActionMask = 2147483647;
			files = (
			);
			runOnlyForDeploymentPostprocessing = 0;
		};
/* End PBXResourcesBuildPhase section */

/* Begin PBXSourcesBuildPhase section */
		S00000000000000000000001 /* Sources */ = {
			isa = PBXSourcesBuildPhase;
			buildActionMask = 2147483647;
			files = (
				B00000000000000000000001 /* SnakeAcademyApp.swift in Sources */,
				B00000000000000000000002 /* GridPoint.swift in Sources */,
				B00000000000000000000003 /* Direction.swift in Sources */,
				B00000000000000000000004 /* GameMode.swift in Sources */,
				B00000000000000000000005 /* Difficulty.swift in Sources */,
				B00000000000000000000006 /* GameStatus.swift in Sources */,
				B00000000000000000000007 /* SnakeSegment.swift in Sources */,
				B00000000000000000000008 /* Collectible.swift in Sources */,
				B00000000000000000000009 /* MathOperationMode.swift in Sources */,
				B0000000000000000000000A /* MathProblem.swift in Sources */,
				B0000000000000000000000B /* HUDState.swift in Sources */,
				B0000000000000000000000C /* GameConfiguration.swift in Sources */,
				B0000000000000000000000D /* GameSnapshot.swift in Sources */,
				B0000000000000000000000E /* SnakeGameEngine.swift in Sources */,
				B0000000000000000000000F /* GameRules.swift in Sources */,
				B00000000000000000000010 /* ClassicSnakeRules.swift in Sources */,
				B00000000000000000000011 /* WordSnakeRules.swift in Sources */,
				B00000000000000000000012 /* MathSnakeRules.swift in Sources */,
				B00000000000000000000013 /* WordValidator.swift in Sources */,
				B00000000000000000000014 /* MathProblemGenerator.swift in Sources */,
				B00000000000000000000015 /* PersistenceService.swift in Sources */,
				B00000000000000000000016 /* HapticsService.swift in Sources */,
				B00000000000000000000017 /* SnakeGameScene.swift in Sources */,
				B00000000000000000000018 /* SnakeSceneCoordinator.swift in Sources */,
				B00000000000000000000019 /* MainMenuView.swift in Sources */,
				B0000000000000000000001A /* GameContainerView.swift in Sources */,
				B0000000000000000000001B /* GameHUDView.swift in Sources */,
				B0000000000000000000001C /* MathModeSelectionView.swift in Sources */,
				B0000000000000000000001D /* HighScoresView.swift in Sources */,
				B0000000000000000000001E /* SettingsView.swift in Sources */,
				B0000000000000000000001F /* GameOverOverlay.swift in Sources */,
				B00000000000000000000020 /* PauseOverlay.swift in Sources */,
			);
			runOnlyForDeploymentPostprocessing = 0;
		};
		S00000000000000000000002 /* Sources */ = {
			isa = PBXSourcesBuildPhase;
			buildActionMask = 2147483647;
			files = (
				B00000000000000000000023 /* SnakeAcademyTests.swift in Sources */,
			);
			runOnlyForDeploymentPostprocessing = 0;
		};
/* End PBXSourcesBuildPhase section */

/* Begin PBXTargetDependency section */
		D00000000000000000000001 /* PBXTargetDependency */ = {
			isa = PBXTargetDependency;
			target = A00000000000000000000001 /* SnakeAcademy */;
			targetProxy = C00000000000000000000001 /* PBXContainerItemProxy */;
		};
/* End PBXTargetDependency section */

/* Begin XCBuildConfiguration section */
		X00000000000000000000001 /* Debug */ = {
			isa = XCBuildConfiguration;
			buildSettings = {
				ALWAYS_SEARCH_USER_PATHS = NO;
				CLANG_ANALYZER_NONNULL = YES;
				CLANG_ANALYZER_NUMBER_OBJECT_CONVERSION = YES_AGGRESSIVE;
				CLANG_CXX_LANGUAGE_STANDARD = "gnu++20";
				CLANG_ENABLE_MODULES = YES;
				CLANG_ENABLE_OBJC_ARC = YES;
				CLANG_ENABLE_OBJC_WEAK = YES;
				CLANG_WARN_BLOCK_CAPTURE_AUTORELEASING = YES;
				CLANG_WARN_BOOL_CONVERSION = YES;
				CLANG_WARN_COMMA = YES;
				CLANG_WARN_CONSTANT_CONVERSION = YES;
				CLANG_WARN_DEPRECATED_OBJC_IMPLEMENTATIONS = YES;
				CLANG_WARN_DIRECT_OBJC_ISA_USAGE = YES_ERROR;
				CLANG_WARN_DOCUMENTATION_COMMENTS = YES;
				CLANG_WARN_EMPTY_BODY = YES;
				CLANG_WARN_ENUM_CONVERSION = YES;
				CLANG_WARN_INFINITE_RECURSION = YES;
				CLANG_WARN_INT_CONVERSION = YES;
				CLANG_WARN_NON_LITERAL_NULL_CONVERSION = YES;
				CLANG_WARN_OBJC_IMPLICIT_RETAIN_SELF = YES;
				CLANG_WARN_OBJC_LITERAL_CONVERSION = YES;
				CLANG_WARN_OBJC_ROOT_CLASS = YES_ERROR;
				CLANG_WARN_QUOTED_INCLUDE_IN_FRAMEWORK_HEADER = YES;
				CLANG_WARN_RANGE_LOOP_ANALYSIS = YES;
				CLANG_WARN_STRICT_PROTOTYPES = YES;
				CLANG_WARN_SUSPICIOUS_MOVE = YES;
				CLANG_WARN_UNGUARDED_AVAILABILITY = YES_AGGRESSIVE;
				CLANG_WARN_UNREACHABLE_CODE = YES;
				CLANG_WARN__DUPLICATE_METHOD_MATCH = YES;
				COPY_PHASE_STRIP = NO;
				DEBUG_INFORMATION_FORMAT = dwarf;
				ENABLE_STRICT_OBJC_MSGSEND = YES;
				ENABLE_TESTABILITY = YES;
				ENABLE_USER_SCRIPT_SANDBOXING = YES;
				GCC_C_LANGUAGE_STANDARD = gnu17;
				GCC_DYNAMIC_NO_PIC = NO;
				GCC_NO_COMMON_BLOCKS = YES;
				GCC_OPTIMIZATION_LEVEL = 0;
				GCC_PREPROCESSOR_DEFINITIONS = (
					"DEBUG=1",
					"$(inherited)",
				);
				GCC_WARN_64_TO_32_BIT_CONVERSION = YES;
				GCC_WARN_ABOUT_RETURN_TYPE = YES_ERROR;
				GCC_WARN_UNDECLARED_SELECTOR = YES;
				GCC_WARN_UNINITIALIZED_AUTOS = YES_AGGRESSIVE;
				GCC_WARN_UNUSED_FUNCTION = YES;
				GCC_WARN_UNUSED_VARIABLE = YES;
				IPHONEOS_DEPLOYMENT_TARGET = 17.0;
				MTL_ENABLE_DEBUG_INFO = INCLUDE_SOURCE;
				MTL_FAST_MATH = YES;
				ONLY_ACTIVE_ARCH = YES;
				SDKROOT = iphoneos;
				SWIFT_ACTIVE_COMPILATION_CONDITIONS = DEBUG;
				SWIFT_OPTIMIZATION_LEVEL = "-Onone";
				SWIFT_VERSION = 5.0;
				TARGETED_DEVICE_FAMILY = 2;
			};
			name = Debug;
		};
		X00000000000000000000002 /* Release */ = {
			isa = XCBuildConfiguration;
			buildSettings = {
				ALWAYS_SEARCH_USER_PATHS = NO;
				CLANG_ANALYZER_NONNULL = YES;
				CLANG_ANALYZER_NUMBER_OBJECT_CONVERSION = YES_AGGRESSIVE;
				CLANG_CXX_LANGUAGE_STANDARD = "gnu++20";
				CLANG_ENABLE_MODULES = YES;
				CLANG_ENABLE_OBJC_ARC = YES;
				CLANG_ENABLE_OBJC_WEAK = YES;
				CLANG_WARN_BLOCK_CAPTURE_AUTORELEASING = YES;
				CLANG_WARN_BOOL_CONVERSION = YES;
				CLANG_WARN_COMMA = YES;
				CLANG_WARN_CONSTANT_CONVERSION = YES;
				CLANG_WARN_DEPRECATED_OBJC_IMPLEMENTATIONS = YES;
				CLANG_WARN_DIRECT_OBJC_ISA_USAGE = YES_ERROR;
				CLANG_WARN_DOCUMENTATION_COMMENTS = YES;
				CLANG_WARN_EMPTY_BODY = YES;
				CLANG_WARN_ENUM_CONVERSION = YES;
				CLANG_WARN_INFINITE_RECURSION = YES;
				CLANG_WARN_INT_CONVERSION = YES;
				CLANG_WARN_NON_LITERAL_NULL_CONVERSION = YES;
				CLANG_WARN_OBJC_IMPLICIT_RETAIN_SELF = YES;
				CLANG_WARN_OBJC_LITERAL_CONVERSION = YES;
				CLANG_WARN_OBJC_ROOT_CLASS = YES_ERROR;
				CLANG_WARN_QUOTED_INCLUDE_IN_FRAMEWORK_HEADER = YES;
				CLANG_WARN_RANGE_LOOP_ANALYSIS = YES;
				CLANG_WARN_STRICT_PROTOTYPES = YES;
				CLANG_WARN_SUSPICIOUS_MOVE = YES;
				CLANG_WARN_UNGUARDED_AVAILABILITY = YES_AGGRESSIVE;
				CLANG_WARN_UNREACHABLE_CODE = YES;
				CLANG_WARN__DUPLICATE_METHOD_MATCH = YES;
				COPY_PHASE_STRIP = NO;
				DEBUG_INFORMATION_FORMAT = "dwarf-with-dsym";
				ENABLE_NS_ASSERTIONS = NO;
				ENABLE_STRICT_OBJC_MSGSEND = YES;
				ENABLE_USER_SCRIPT_SANDBOXING = YES;
				GCC_C_LANGUAGE_STANDARD = gnu17;
				GCC_NO_COMMON_BLOCKS = YES;
				GCC_WARN_64_TO_32_BIT_CONVERSION = YES;
				GCC_WARN_ABOUT_RETURN_TYPE = YES_ERROR;
				GCC_WARN_UNDECLARED_SELECTOR = YES;
				GCC_WARN_UNINITIALIZED_AUTOS = YES_AGGRESSIVE;
				GCC_WARN_UNUSED_FUNCTION = YES;
				GCC_WARN_UNUSED_VARIABLE = YES;
				IPHONEOS_DEPLOYMENT_TARGET = 17.0;
				MTL_ENABLE_DEBUG_INFO = NO;
				MTL_FAST_MATH = YES;
				SDKROOT = iphoneos;
				SWIFT_COMPILATION_MODE = wholemodule;
				SWIFT_OPTIMIZATION_LEVEL = "-O";
				SWIFT_VERSION = 5.0;
				TARGETED_DEVICE_FAMILY = 2;
				VALIDATE_PRODUCT = YES;
			};
			name = Release;
		};
		X00000000000000000000003 /* Debug */ = {
			isa = XCBuildConfiguration;
			buildSettings = {
				CODE_SIGN_STYLE = Automatic;
				CURRENT_PROJECT_VERSION = 1;
				DEVELOPMENT_ASSET_PATHS = "";
				ENABLE_PREVIEWS = YES;
				GENERATE_INFOPLIST_FILE = YES;
				INFOPLIST_KEY_CFBundleDisplayName = "Snake Academy";
				INFOPLIST_KEY_LSApplicationCategoryType = "public.app-category.games";
				INFOPLIST_KEY_UIApplicationSceneManifest_Generation = YES;
				INFOPLIST_KEY_UIApplicationSupportsIndirectInputEvents = YES;
				INFOPLIST_KEY_UILaunchScreen_Generation = YES;
				INFOPLIST_KEY_UISupportedInterfaceOrientations_iPad = "UIInterfaceOrientationPortrait UIInterfaceOrientationPortraitUpsideDown UIInterfaceOrientationLandscapeLeft UIInterfaceOrientationLandscapeRight";
				IPHONEOS_DEPLOYMENT_TARGET = 17.0;
				MARKETING_VERSION = 1.0;
				PRODUCT_BUNDLE_IDENTIFIER = com.jaredcws.SnakeAcademy;
				PRODUCT_NAME = "$(TARGET_NAME)";
				SUPPORTED_PLATFORMS = "iphoneos iphonesimulator";
				SUPPORTS_MACCATALYST = NO;
				SUPPORTS_MAC_DESIGNED_FOR_IPHONE_IPAD = NO;
				SWIFT_EMIT_LOC_STRINGS = YES;
				SWIFT_VERSION = 5.0;
				TARGETED_DEVICE_FAMILY = 2;
			};
			name = Debug;
		};
		X00000000000000000000004 /* Release */ = {
			isa = XCBuildConfiguration;
			buildSettings = {
				CODE_SIGN_STYLE = Automatic;
				CURRENT_PROJECT_VERSION = 1;
				DEVELOPMENT_ASSET_PATHS = "";
				ENABLE_PREVIEWS = YES;
				GENERATE_INFOPLIST_FILE = YES;
				INFOPLIST_KEY_CFBundleDisplayName = "Snake Academy";
				INFOPLIST_KEY_LSApplicationCategoryType = "public.app-category.games";
				INFOPLIST_KEY_UIApplicationSceneManifest_Generation = YES;
				INFOPLIST_KEY_UIApplicationSupportsIndirectInputEvents = YES;
				INFOPLIST_KEY_UILaunchScreen_Generation = YES;
				INFOPLIST_KEY_UISupportedInterfaceOrientations_iPad = "UIInterfaceOrientationPortrait UIInterfaceOrientationPortraitUpsideDown UIInterfaceOrientationLandscapeLeft UIInterfaceOrientationLandscapeRight";
				IPHONEOS_DEPLOYMENT_TARGET = 17.0;
				MARKETING_VERSION = 1.0;
				PRODUCT_BUNDLE_IDENTIFIER = com.jaredcws.SnakeAcademy;
				PRODUCT_NAME = "$(TARGET_NAME)";
				SUPPORTED_PLATFORMS = "iphoneos iphonesimulator";
				SUPPORTS_MACCATALYST = NO;
				SUPPORTS_MAC_DESIGNED_FOR_IPHONE_IPAD = NO;
				SWIFT_EMIT_LOC_STRINGS = YES;
				SWIFT_VERSION = 5.0;
				TARGETED_DEVICE_FAMILY = 2;
			};
			name = Release;
		};
		X00000000000000000000005 /* Debug */ = {
			isa = XCBuildConfiguration;
			buildSettings = {
				BUNDLE_LOADER = "$(TEST_HOST)";
				CODE_SIGN_STYLE = Automatic;
				CURRENT_PROJECT_VERSION = 1;
				GENERATE_INFOPLIST_FILE = YES;
				IPHONEOS_DEPLOYMENT_TARGET = 17.0;
				MARKETING_VERSION = 1.0;
				PRODUCT_BUNDLE_IDENTIFIER = com.jaredcws.SnakeAcademyTests;
				PRODUCT_NAME = "$(TARGET_NAME)";
				SWIFT_VERSION = 5.0;
				TARGETED_DEVICE_FAMILY = 2;
				TEST_HOST = "$(BUILT_PRODUCTS_DIR)/SnakeAcademy.app/$(BUNDLE_EXECUTABLE_FOLDER_PATH)/SnakeAcademy";
			};
			name = Debug;
		};
		X00000000000000000000006 /* Release */ = {
			isa = XCBuildConfiguration;
			buildSettings = {
				BUNDLE_LOADER = "$(TEST_HOST)";
				CODE_SIGN_STYLE = Automatic;
				CURRENT_PROJECT_VERSION = 1;
				GENERATE_INFOPLIST_FILE = YES;
				IPHONEOS_DEPLOYMENT_TARGET = 17.0;
				MARKETING_VERSION = 1.0;
				PRODUCT_BUNDLE_IDENTIFIER = com.jaredcws.SnakeAcademyTests;
				PRODUCT_NAME = "$(TARGET_NAME)";
				SWIFT_VERSION = 5.0;
				TARGETED_DEVICE_FAMILY = 2;
				TEST_HOST = "$(BUILT_PRODUCTS_DIR)/SnakeAcademy.app/$(BUNDLE_EXECUTABLE_FOLDER_PATH)/SnakeAcademy";
			};
			name = Release;
		};
/* End XCBuildConfiguration section */

/* Begin XCConfigurationList section */
		XCL000000000000000000001 /* Build configuration list for PBXNativeTarget "SnakeAcademy" */ = {
			isa = XCConfigurationList;
			buildConfigurations = (
				X00000000000000000000003 /* Debug */,
				X00000000000000000000004 /* Release */,
			);
			defaultConfigurationIsVisible = 0;
			defaultConfigurationName = Release;
		};
		XCL000000000000000000002 /* Build configuration list for PBXNativeTarget "SnakeAcademyTests" */ = {
			isa = XCConfigurationList;
			buildConfigurations = (
				X00000000000000000000005 /* Debug */,
				X00000000000000000000006 /* Release */,
			);
			defaultConfigurationIsVisible = 0;
			defaultConfigurationName = Release;
		};
		XCL000000000000000000003 /* Build configuration list for PBXProject "SnakeAcademy" */ = {
			isa = XCConfigurationList;
			buildConfigurations = (
				X00000000000000000000001 /* Debug */,
				X00000000000000000000002 /* Release */,
			);
			defaultConfigurationIsVisible = 0;
			defaultConfigurationName = Release;
		};
/* End XCConfigurationList section */
	};
	rootObject = P00000000000000000000001 /* Project object */;
}
